
Microsoft Visual Studio Solution File, Format Version 12.00
# Visual Studio Version 16
VisualStudioVersion = 16.0.30128.74
MinimumVisualStudioVersion = 10.0.40219.1
Project("{FAE04EC0-301F-11D3-BF4B-00C04F79EFBC}") = "XF.Mqtt", "XF.Mqtt\XF.Mqtt.csproj", "{8ABE66BC-B262-4E75-9FA4-8A052CFD8162}"
EndProject
Project("{FAE04EC0-301F-11D3-BF4B-00C04F79EFBC}") = "XF.Mqtt.Sample.Android", "XF.Mqtt.Sample\XF.Mqtt.Sample.Android\XF.Mqtt.Sample.Android.csproj", "{E6975C80-652A-4663-A47E-F417EFFB55C6}"
EndProject
Project("{FAE04EC0-301F-11D3-BF4B-00C04F79EFBC}") = "XF.Mqtt.Sample.iOS", "XF.Mqtt.Sample\XF.Mqtt.Sample.iOS\XF.Mqtt.Sample.iOS.csproj", "{AE466E01-37D5-4A53-B311-8D190BA93C96}"
EndProject
Project("{FAE04EC0-301F-11D3-BF4B-00C04F79EFBC}") = "XF.Mqtt.Sample", "XF.Mqtt.Sample\XF.Mqtt.Sample\XF.Mqtt.Sample.csproj", "{B18C3BD7-034E-43CA-9147-6E4836A32261}"
EndProject
Global
	GlobalSection(SolutionConfigurationPlatforms) = preSolution
		Debug|Any CPU = Debug|Any CPU
		Debug|iPhone = Debug|iPhone
		Debug|iPhoneSimulator = Debug|iPhoneSimulator
		Release|Any CPU = Release|Any CPU
		Release|iPhone = Release|iPhone
		Release|iPhoneSimulator = Release|iPhoneSimulator
	EndGlobalSection
	GlobalSection(ProjectConfigurationPlatforms) = postSolution
		{8ABE66BC-B262-4E75-9FA4-8A052CFD8162}.Debug|Any CPU.ActiveCfg = Debug|Any CPU
		{8ABE66BC-B262-4E75-9FA4-8A052CFD8162}.Debug|Any CPU.Build.0 = Debug|Any CPU
		{8ABE66BC-B262-4E75-9FA4-8A052CFD8162}.Debug|iPhone.ActiveCfg = Debug|Any CPU
		{8ABE66BC-B262-4E75-9FA4-8A052CFD8162}.Debug|iPhone.Build.0 = Debug|Any CPU
		{8ABE66BC-B262-4E75-9FA4-8A052CFD8162}.Debug|iPhoneSimulator.ActiveCfg = Debug|Any CPU
		{8ABE66BC-B262-4E75-9FA4-8A052CFD8162}.Debug|iPhoneSimulator.Build.0 = Debug|Any CPU
		{8ABE66BC-B262-4E75-9FA4-8A052CFD8162}.Release|Any CPU.ActiveCfg = Release|Any CPU
		{8ABE66BC-B262-4E75-9FA4-8A052CFD8162}.Release|Any CPU.Build.0 = Release|Any CPU
		{8ABE66BC-B262-4E75-9FA4-8A052CFD8162}.Release|iPhone.ActiveCfg = Release|Any CPU
		{8ABE66BC-B262-4E75-9FA4-8A052CFD8162}.Release|iPhone.Build.0 = Release|Any CPU
		{8ABE66BC-B262-4E75-9FA4-8A052CFD8162}.Release|iPhoneSimulator.ActiveCfg = Release|Any CPU
		{8ABE66BC-B262-4E75-9FA4-8A052CFD8162}.Release|iPhoneSimulator.Build.0 = Release|Any CPU
		{E6975C80-652A-4663-A47E-F417EFFB55C6}.Debug|Any CPU.ActiveCfg = Debug|Any CPU
		{E6975C80-652A-4663-A47E-F417EFFB55C6}.Debug|Any CPU.Build.0 = Debug|Any CPU
		{E6975C80-652A-4663-A47E-F417EFFB55C6}.Debug|Any CPU.Deploy.0 = Debug|Any CPU
		{E6975C80-652A-4663-A47E-F417EFFB55C6}.Debug|iPhone.ActiveCfg = Debug|Any CPU
		{E6975C80-652A-4663-A47E-F417EFFB55C6}.Debug|iPhone.Build.0 = Debug|Any CPU
		{E6975C80-652A-4663-A47E-F417EFFB55C6}.Debug|iPhone.Deploy.0 = Debug|Any CPU
		{E6975C80-652A-4663-A47E-F417EFFB55C6}.Debug|iPhoneSimulator.ActiveCfg = Debug|Any CPU
		{E6975C80-652A-4663-A47E-F417EFFB55C6}.Debug|iPhoneSimulator.Build.0 = Debug|Any CPU
		{E6975C80-652A-4663-A47E-F417EFFB55C6}.Debug|iPhoneSimulator.Deploy.0 = Debug|Any CPU
		{E6975C80-652A-4663-A47E-F417EFFB55C6}.Release|Any CPU.ActiveCfg = Release|Any CPU
		{E6975C80-652A-4663-A47E-F417EFFB55C6}.Release|Any CPU.Build.0 = Release|Any CPU
		{E6975C80-652A-4663-A47E-F417EFFB55C6}.Release|Any CPU.Deploy.0 = Release|Any CPU
		{E6975C80-652A-4663-A47E-F417EFFB55C6}.Release|iPhone.ActiveCfg = Release|Any CPU
		{E6975C80-652A-4663-A47E-F417EFFB55C6}.Release|iPhone.Build.0 = Release|Any CPU
		{E6975C80-652A-4663-A47E-F417EFFB55C6}.Release|iPhone.Deploy.0 = Release|Any CPU
		{E6975C80-652A-4663-A47E-F417EFFB55C6}.Release|iPhoneSimulator.ActiveCfg = Release|Any CPU
		{E6975C80-652A-4663-A47E-F417EFFB55C6}.Release|iPhoneSimulator.Build.0 = Release|Any CPU
		{E6975C80-652A-4663-A47E-F417EFFB55C6}.Release|iPhoneSimulator.Deploy.0 = Release|Any CPU
		{AE466E01-37D5-4A53-B311-8D190BA93C96}.Debug|Any CPU.ActiveCfg = Debug|iPhone
		{AE466E01-37D5-4A53-B311-8D190BA93C96}.Debug|iPhone.ActiveCfg = Debug|iPhone
		{AE466E01-37D5-4A53-B311-8D190BA93C96}.Debug|iPhone.Build.0 = Debug|iPhone
		{AE466E01-37D5-4A53-B311-8D190BA93C96}.Debug|iPhoneSimulator.ActiveCfg = Debug|iPhoneSimulator
		{AE466E01-37D5-4A53-B311-8D190BA93C96}.Debug|iPhoneSimulator.Build.0 = Debug|iPhoneSimulator
		{AE466E01-37D5-4A53-B311-8D190BA93C96}.Release|Any CPU.ActiveCfg = Release|iPhone
		{AE466E01-37D5-4A53-B311-8D190BA93C96}.Release|iPhone.ActiveCfg = Release|iPhone
		{AE466E01-37D5-4A53-B311-8D190BA93C96}.Release|iPhone.Build.0 = Release|iPhone
		{AE466E01-37D5-4A53-B311-8D190BA93C96}.Release|iPhoneSimulator.ActiveCfg = Release|iPhoneSimulator
		{AE466E01-37D5-4A53-B311-8D190BA93C96}.Release|iPhoneSimulator.Build.0 = Release|iPhoneSimulator
		{B18C3BD7-034E-43CA-9147-6E4836A32261}.Debug|Any CPU.ActiveCfg = Debug|Any CPU
		{B18C3BD7-034E-43CA-9147-6E4836A32261}.Debug|Any CPU.Build.0 = Debug|Any CPU
		{B18C3BD7-034E-43CA-9147-6E4836A32261}.Debug|iPhone.ActiveCfg = Debug|Any CPU
		{B18C3BD7-034E-43CA-9147-6E4836A32261}.Debug|iPhone.Build.0 = Debug|Any CPU
		{B18C3BD7-034E-43CA-9147-6E4836A32261}.Debug|iPhoneSimulator.ActiveCfg = Debug|Any CPU
		{B18C3BD7-034E-43CA-9147-6E4836A32261}.Debug|iPhoneSimulator.Build.0 = Debug|Any CPU
		{B18C3BD7-034E-43CA-9147-6E4836A32261}.Release|Any CPU.ActiveCfg = Release|Any CPU
		{B18C3BD7-034E-43CA-9147-6E4836A32261}.Release|Any CPU.Build.0 = Release|Any CPU
		{B18C3BD7-034E-43CA-9147-6E4836A32261}.Release|iPhone.ActiveCfg = Release|Any CPU
		{B18C3BD7-034E-43CA-9147-6E4836A32261}.Release|iPhone.Build.0 = Release|Any CPU
		{B18C3BD7-034E-43CA-9147-6E4836A32261}.Release|iPhoneSimulator.ActiveCfg = Release|Any CPU
		{B18C3BD7-034E-43CA-9147-6E4836A32261}.Release|iPhoneSimulator.Build.0 = Release|Any CPU
	EndGlobalSection
	GlobalSection(SolutionProperties) = preSolution
		HideSolutionNode = FALSE
	EndGlobalSection
	GlobalSection(ExtensibilityGlobals) = postSolution
		SolutionGuid = {39B1DBB3-ECBD-49CB-9F46-4D56CE76845D}
	EndGlobalSection
EndGlobal
